// !$*UTF8*$!
{
	archiveVersion = 1;
	classes = {
	};
	objectVersion = 50;
	objects = {

/* Begin PBXBuildFile section */
		69175C7B27E663A000A32FCA /* AppDelegate.swift in Sources */ = {isa = PBXBuildFile; fileRef = 69175C7A27E663A000A32FCA /* AppDelegate.swift */; };
		69175C7D27E663A000A32FCA /* SceneDelegate.swift in Sources */ = {isa = PBXBuildFile; fileRef = 69175C7C27E663A000A32FCA /* SceneDelegate.swift */; };
		69175C7F27E663A000A32FCA /* ViewController.swift in Sources */ = {isa = PBXBuildFile; fileRef = 69175C7E27E663A000A32FCA /* ViewController.swift */; };
		69175C8227E663A000A32FCA /* Main.storyboard in Resources */ = {isa = PBXBuildFile; fileRef = 69175C8027E663A000A32FCA /* Main.storyboard */; };
		69175C8427E663A200A32FCA /* Assets.xcassets in Resources */ = {isa = PBXBuildFile; fileRef = 69175C8327E663A200A32FCA /* Assets.xcassets */; };
		69175C8727E663A200A32FCA /* LaunchScreen.storyboard in Resources */ = {isa = PBXBuildFile; fileRef = 69175C8527E663A200A32FCA /* LaunchScreen.storyboard */; };
/* End PBXBuildFile section */

/* Begin PBXFileReference section */
		69175C7727E663A000A32FCA /* Ind03_Beach_Brian.app */ = {isa = PBXFileReference; explicitFileType = wrapper.application; includeInIndex = 0; path = Ind03_Beach_Brian.app; sourceTree = BUILT_PRODUCTS_DIR; };
		69175C7A27E663A000A32FCA /* AppDelegate.swift */ = {isa = PBXFileReference; lastKnownFileType = sourcecode.swift; path = AppDelegate.swift; sourceTree = "<group>"; };
		69175C7C27E663A000A32FCA /* SceneDelegate.swift */ = {isa = PBXFileReference; lastKnownFileType = sourcecode.swift; path = SceneDelegate.swift; sourceTree = "<group>"; };
		69175C7E27E663A000A32FCA /* ViewController.swift */ = {isa = PBXFileReference; lastKnownFileType = sourcecode.swift; path = ViewController.swift; sourceTree = "<group>"; };
		69175C8127E663A000A32FCA /* Base */ = {isa = PBXFileReference; lastKnownFileType = file.storyboard; name = Base; path = Base.lproj/Main.storyboard; sourceTree = "<group>"; };
		69175C8327E663A200A32FCA /* Assets.xcassets */ = {isa = PBXFileReference; lastKnownFileType = folder.assetcatalog; path = Assets.xcassets; sourceTree = "<group>"; };
		69175C8627E663A200A32FCA /* Base */ = {isa = PBXFileReference; lastKnownFileType = file.storyboard; name = Base; path = Base.lproj/LaunchScreen.storyboard; sourceTree = "<group>"; };
		69175C8827E663A200A32FCA /* Info.plist */ = {isa = PBXFileReference; lastKnownFileType = text.plist.xml; path = Info.plist; sourceTree = "<group>"; };
/* End PBXFileReference section */

/* Begin PBXFrameworksBuildPhase section */
		69175C7427E663A000A32FCA /* Frameworks */ = {
			isa = PBXFrameworksBuildPhase;
			buildActionMask = 2147483647;
			files = (
			);
			runOnlyForDeploymentPostprocessing = 0;
		};
/* End PBXFrameworksBuildPhase section */

/* Begin PBXGroup section */
		69175C6E27E663A000A32FCA = {
			isa = PBXGroup;
			children = (
				69175C7927E663A000A32FCA /* Ind03_Beach_Brian */,
				69175C7827E663A000A32FCA /* Products */,
			);
			sourceTree = "<group>";
		};
		69175C7827E663A000A32FCA /* Products */ = {
			isa = PBXGroup;
			children = (
				69175C7727E663A000A32FCA /* Ind03_Beach_Brian.app */,
			);
			name = Products;
			sourceTree = "<group>";
		};
		69175C7927E663A000A32FCA /* Ind03_Beach_Brian */ = {
			isa = PBXGroup;
			children = (
				69175C7A27E663A000A32FCA /* AppDelegate.swift */,
				69175C7C27E663A000A32FCA /* SceneDelegate.swift */,
				69175C7E27E663A000A32FCA /* ViewController.swift */,
				69175C8027E663A000A32FCA /* Main.storyboard */,
				69175C8327E663A200A32FCA /* Assets.xcassets */,
				69175C8527E663A200A32FCA /* LaunchScreen.storyboard */,
				69175C8827E663A200A32FCA /* Info.plist */,
			);
			path = Ind03_Beach_Brian;
			sourceTree = "<group>";
		};
/* End PBXGroup section */

/* Begin PBXNativeTarget section */
		69175C7627E663A000A32FCA /* Ind03_Beach_Brian */ = {
			isa = PBXNativeTarget;
			buildConfigurationList = 69175C8B27E663A200A32FCA /* Build configuration list for PBXNativeTarget "Ind03_Beach_Brian" */;
			buildPhases = (
				69175C7327E663A000A32FCA /* Sources */,
				69175C7427E663A000A32FCA /* Frameworks */,
				69175C7527E663A000A32FCA /* Resources */,
			);
			buildRules = (
			);
			dependencies = (
			);
			name = Ind03_Beach_Brian;
			productName = Ind03_Beach_Brian;
			productReference = 69175C7727E663A000A32FCA /* Ind03_Beach_Brian.app */;
			productType = "com.apple.product-type.application";
		};
/* End PBXNativeTarget section */

/* Begin PBXProject section */
		69175C6F27E663A000A32FCA /* Project object */ = {
			isa = PBXProject;
			attributes = {
				LastSwiftUpdateCheck = 1220;
				LastUpgradeCheck = 1220;
				TargetAttributes = {
					69175C7627E663A000A32FCA = {
						CreatedOnToolsVersion = 12.2;
					};
				};
			};
			buildConfigurationList = 69175C7227E663A000A32FCA /* Build configuration list for PBXProject "Ind03_Beach_Brian" */;
			compatibilityVersion = "Xcode 9.3";
			developmentRegion = en;
			hasScannedForEncodings = 0;
			knownRegions = (
				en,
				Base,
			);
			mainGroup = 69175C6E27E663A000A32FCA;
			productRefGroup = 69175C7827E663A000A32FCA /* Products */;
			projectDirPath = "";
			projectRoot = "";
			targets = (
				69175C7627E663A000A32FCA /* Ind03_Beach_Brian */,
			);
		};
/* End PBXProject section */

/* Begin PBXResourcesBuildPhase section */
		69175C7527E663A000A32FCA /* Resources */ = {
			isa = PBXResourcesBuildPhase;
			buildActionMask = 2147483647;
			files = (
				69175C8727E663A200A32FCA /* LaunchScreen.storyboard in Resources */,
				69175C8427E663A200A32FCA /* Assets.xcassets in Resources */,
				69175C8227E663A000A32FCA /* Main.storyboard in Resources */,
			);
			runOnlyForDeploymentPostprocessing = 0;
		};
/* End PBXResourcesBuildPhase section */

/* Begin PBXSourcesBuildPhase section */
		69175C7327E663A000A32FCA /* Sources */ = {
			isa = PBXSourcesBuildPhase;
			buildActionMask = 2147483647;
			files = (
				69175C7F27E663A000A32FCA /* ViewController.swift in Sources */,
				69175C7B27E663A000A32FCA /* AppDelegate.swift in Sources */,
				69175C7D27E663A000A32FCA /* SceneDelegate.swift in Sources */,
			);
			runOnlyForDeploymentPostprocessing = 0;
		};
/* End PBXSourcesBuildPhase section */

/* Begin PBXVariantGroup section */
		69175C8027E663A000A32FCA /* Main.storyboard */ = {
			isa = PBXVariantGroup;
			children = (
				69175C8127E663A000A32FCA /* Base */,
			);
			name = Main.storyboard;
			sourceTree = "<group>";
		};
		69175C8527E663A200A32FCA /* LaunchScreen.storyboard */ = {
			isa = PBXVariantGroup;
			children = (
				69175C8627E663A200A32FCA /* Base */,
			);
			name = LaunchScreen.storyboard;
			sourceTree = "<group>";
		};
/* End PBXVariantGroup section */

/* Begin XCBuildConfiguration section */
		69175C8927E663A200A32FCA /* Debug */ = {
			isa = XCBuildConfiguration;
			buildSettings = {
				ALWAYS_SEARCH_USER_PATHS = NO;
				CLANG_ANALYZER_NONNULL = YES;
				CLANG_ANALYZER_NUMBER_OBJECT_CONVERSION = YES_AGGRESSIVE;
				CLANG_CXX_LANGUAGE_STANDARD = "gnu++14";
				CLANG_CXX_LIBRARY = "libc++";
				CLANG_ENABLE_MODULES = YES;
				CLANG_ENABLE_OBJC_ARC = YES;
				CLANG_ENABLE_OBJC_WEAK = YES;
				CLANG_WARN_BLOCK_CAPTURE_AUTORELEASING = YES;
				CLANG_WARN_BOOL_CONVERSION = YES;
				CLANG_WARN_COMMA = YES;
				CLANG_WARN_CONSTANT_CONVERSION = YES;
				CLANG_WARN_DEPRECATED_OBJC_IMPLEMENTATIONS = YES;
				CLANG_WARN_DIRECT_OBJC_ISA_USAGE = YES_ERROR;
				CLANG_WARN_DOCUMENTATION_COMMENTS = YES;
				CLANG_WARN_EMPTY_BODY = YES;
				CLANG_WARN_ENUM_CONVERSION = YES;
				CLANG_WARN_INFINITE_RECURSION = YES;
				CLANG_WARN_INT_CONVERSION = YES;
				CLANG_WARN_NON_LITERAL_NULL_CONVERSION = YES;
				CLANG_WARN_OBJC_IMPLICIT_RETAIN_SELF = YES;
				CLANG_WARN_OBJC_LITERAL_CONVERSION = YES;
				CLANG_WARN_OBJC_ROOT_CLASS = YES_ERROR;
				CLANG_WARN_QUOTED_INCLUDE_IN_FRAMEWORK_HEADER = YES;
				CLANG_WARN_RANGE_LOOP_ANALYSIS = YES;
				CLANG_WARN_STRICT_PROTOTYPES = YES;
				CLANG_WARN_SUSPICIOUS_MOVE = YES;
				CLANG_WARN_UNGUARDED_AVAILABILITY = YES_AGGRESSIVE;
				CLANG_WARN_UNREACHABLE_CODE = YES;
				CLANG_WARN__DUPLICATE_METHOD_MATCH = YES;
				COPY_PHASE_STRIP = NO;
				DEBUG_INFORMATION_FORMAT = dwarf;
				ENABLE_STRICT_OBJC_MSGSEND = YES;
				ENABLE_TESTABILITY = YES;
				GCC_C_LANGUAGE_STANDARD = gnu11;
				GCC_DYNAMIC_NO_PIC = NO;
				GCC_NO_COMMON_BLOCKS = YES;
				GCC_OPTIMIZATION_LEVEL = 0;
				GCC_PREPROCESSOR_DEFINITIONS = (
					"DEBUG=1",
					"$(inherited)",
				);
				GCC_WARN_64_TO_32_BIT_CONVERSION = YES;
				GCC_WARN_ABOUT_RETURN_TYPE = YES_ERROR;
				GCC_WARN_UNDECLARED_SELECTOR = YES;
				GCC_WARN_UNINITIALIZED_AUTOS = YES_AGGRESSIVE;
				GCC_WARN_UNUSED_FUNCTION = YES;
				GCC_WARN_UNUSED_VARIABLE = YES;
				IPHONEOS_DEPLOYMENT_TARGET = 14.2;
				MTL_ENABLE_DEBUG_INFO = INCLUDE_SOURCE;
				MTL_FAST_MATH = YES;
				ONLY_ACTIVE_ARCH = YES;
				SDKROOT = iphoneos;
				SWIFT_ACTIVE_COMPILATION_CONDITIONS = DEBUG;
				SWIFT_OPTIMIZATION_LEVEL = "-Onone";
			};
			name = Debug;
		};
		69175C8A27E663A200A32FCA /* Release */ = {
			isa = XCBuildConfiguration;
			buildSettings = {
				ALWAYS_SEARCH_USER_PATHS = NO;
				CLANG_ANALYZER_NONNULL = YES;
				CLANG_ANALYZER_NUMBER_OBJECT_CONVERSION = YES_AGGRESSIVE;
				CLANG_CXX_LANGUAGE_STANDARD = "gnu++14";
				CLANG_CXX_LIBRARY = "libc++";
				CLANG_ENABLE_MODULES = YES;
				CLANG_ENABLE_OBJC_ARC = YES;
				CLANG_ENABLE_OBJC_WEAK = YES;
				CLANG_WARN_BLOCK_CAPTURE_AUTORELEASING = YES;
				CLANG_WARN_BOOL_CONVERSION = YES;
				CLANG_WARN_COMMA = YES;
				CLANG_WARN_CONSTANT_CONVERSION = YES;
				CLANG_WARN_DEPRECATED_OBJC_IMPLEMENTATIONS = YES;
				CLANG_WARN_DIRECT_OBJC_ISA_USAGE = YES_ERROR;
				CLANG_WARN_DOCUMENTATION_COMMENTS = YES;
				CLANG_WARN_EMPTY_BODY = YES;
				CLANG_WARN_ENUM_CONVERSION = YES;
				CLANG_WARN_INFINITE_RECURSION = YES;
				CLANG_WARN_INT_CONVERSION = YES;
				CLANG_WARN_NON_LITERAL_NULL_CONVERSION = YES;
				CLANG_WARN_OBJC_IMPLICIT_RETAIN_SELF = YES;
				CLANG_WARN_OBJC_LITERAL_CONVERSION = YES;
				CLANG_WARN_OBJC_ROOT_CLASS = YES_ERROR;
				CLANG_WARN_QUOTED_INCLUDE_IN_FRAMEWORK_HEADER = YES;
				CLANG_WARN_RANGE_LOOP_ANALYSIS = YES;
				CLANG_WARN_STRICT_PROTOTYPES = YES;
				CLANG_WARN_SUSPICIOUS_MOVE = YES;
				CLANG_WARN_UNGUARDED_AVAILABILITY = YES_AGGRESSIVE;
				CLANG_WARN_UNREACHABLE_CODE = YES;
				CLANG_WARN__DUPLICATE_METHOD_MATCH = YES;
				COPY_PHASE_STRIP = NO;
				DEBUG_INFORMATION_FORMAT = "dwarf-with-dsym";
				ENABLE_NS_ASSERTIONS = NO;
				ENABLE_STRICT_OBJC_MSGSEND = YES;
				GCC_C_LANGUAGE_STANDARD = gnu11;
				GCC_NO_COMMON_BLOCKS = YES;
				GCC_WARN_64_TO_32_BIT_CONVERSION = YES;
				GCC_WARN_ABOUT_RETURN_TYPE = YES_ERROR;
				GCC_WARN_UNDECLARED_SELECTOR = YES;
				GCC_WARN_UNINITIALIZED_AUTOS = YES_AGGRESSIVE;
				GCC_WARN_UNUSED_FUNCTION = YES;
				GCC_WARN_UNUSED_VARIABLE = YES;
				IPHONEOS_DEPLOYMENT_TARGET = 14.2;
				MTL_ENABLE_DEBUG_INFO = NO;
				MTL_FAST_MATH = YES;
				SDKROOT = iphoneos;
				SWIFT_COMPILATION_MODE = wholemodule;
				SWIFT_OPTIMIZATION_LEVEL = "-O";
				VALIDATE_PRODUCT = YES;
			};
			name = Release;
		};
		69175C8C27E663A200A32FCA /* Debug */ = {
			isa = XCBuildConfiguration;
			buildSettings = {
				ASSETCATALOG_COMPILER_APPICON_NAME = AppIcon;
				ASSETCATALOG_COMPILER_GLOBAL_ACCENT_COLOR_NAME = AccentColor;
				CODE_SIGN_STYLE = Automatic;
				INFOPLIST_FILE = Ind03_Beach_Brian/Info.plist;
				LD_RUNPATH_SEARCH_PATHS = (
					"$(inherited)",
					"@executable_path/Frameworks",
				);
				PRODUCT_BUNDLE_IDENTIFIER = "edu.okstate.computerscience.bem.Ind03-Beach-Brian";
				PRODUCT_NAME = "$(TARGET_NAME)";
				SWIFT_VERSION = 5.0;
				TARGETED_DEVICE_FAMILY = "1,2";
			};
			name = Debug;
		};
		69175C8D27E663A200A32FCA /* Release */ = {
			isa = XCBuildConfiguration;
			buildSettings = {
				ASSETCATALOG_COMPILER_APPICON_NAME = AppIcon;
				ASSETCATALOG_COMPILER_GLOBAL_ACCENT_COLOR_NAME = AccentColor;
				CODE_SIGN_STYLE = Automatic;
				INFOPLIST_FILE = Ind03_Beach_Brian/Info.plist;
				LD_RUNPATH_SEARCH_PATHS = (
					"$(inherited)",
					"@executable_path/Frameworks",
				);
				PRODUCT_BUNDLE_IDENTIFIER = "edu.okstate.computerscience.bem.Ind03-Beach-Brian";
				PRODUCT_NAME = "$(TARGET_NAME)";
				SWIFT_VERSION = 5.0;
				TARGETED_DEVICE_FAMILY = "1,2";
			};
			name = Release;
		};
/* End XCBuildConfiguration section */

/* Begin XCConfigurationList section */
		69175C7227E663A000A32FCA /* Build configuration list for PBXProject "Ind03_Beach_Brian" */ = {
			isa = XCConfigurationList;
			buildConfigurations = (
				69175C8927E663A200A32FCA /* Debug */,
				69175C8A27E663A200A32FCA /* Release */,
			);
			defaultConfigurationIsVisible = 0;
			defaultConfigurationName = Release;
		};
		69175C8B27E663A200A32FCA /* Build configuration list for PBXNativeTarget "Ind03_Beach_Brian" */ = {
			isa = XCConfigurationList;
			buildConfigurations = (
				69175C8C27E663A200A32FCA /* Debug */,
				69175C8D27E663A200A32FCA /* Release */,
			);
			defaultConfigurationIsVisible = 0;
			defaultConfigurationName = Release;
		};
/* End XCConfigurationList section */
	};
	rootObject = 69175C6F27E663A000A32FCA /* Project object */;
}
